{
  "name": "node-app",
  "version": "1.0.0",
  "lockfileVersion": 2,
  "requires": true,
  "packages": {
    "": {
      "name": "node-app",
      "version": "1.0.0",
      "license": "ISC",
      "dependencies": {
        "tigre-lib": "^1.1.0"
      }
    },
    "node_modules/tigre-lib": {
      "version": "1.1.0",
      "resolved": "https://registry.npmjs.org/tigre-lib/-/tigre-lib-1.1.0.tgz",
      "integrity": "sha512-9EUBLCtxLDeAhs4kI+N8Q+fVt7GquQaqEQj3rxG/w9nN4wCj3Vnhc2iZSH+v6I+3OD6YNGkssfWw2Vx1n88YcQ=="
    }
  },
  "dependencies": {
    "tigre-lib": {
      "version": "1.1.0",
      "resolved": "https://registry.npmjs.org/tigre-lib/-/tigre-lib-1.1.0.tgz",
      "integrity": "sha512-9EUBLCtxLDeAhs4kI+N8Q+fVt7GquQaqEQj3rxG/w9nN4wCj3Vnhc2iZSH+v6I+3OD6YNGkssfWw2Vx1n88YcQ=="
    }
  }
}
